<Solution>
  <Folder Name="/src/">
    <Project Path="src/Forge.Delta/Forge.Delta.csproj" />
    <Project Path="src/Forge.Delta.Generators/Forge.Delta.Generators.csproj" />
    <Project Path="src/Forge.Sync/Forge.Sync.csproj" />
    <Project Path="src/Forge.Sync.Generators/Forge.Sync.Generators.csproj" />
    <Project Path="src/Forge.Parse/Forge.Parse.csproj" />
    <Project Path="src/Forge.Parse.Reqnroll/Forge.Parse.Reqnroll.csproj" />
    <Project Path="src/Forge.Decide/Forge.Decide.csproj" />
    <Project Path="src/Forge.Decide.Testing/Forge.Decide.Testing.csproj" />
    <Project Path="src/Forge.Decide.DependencyInjection/Forge.Decide.DependencyInjection.csproj" />
    <Project Path="src/Forge.Decide.OpenTelemetry/Forge.Decide.OpenTelemetry.csproj" />
  </Folder>
  <Folder Name="/tests/">
    <Project Path="tests/Forge.Delta.Tests/Forge.Delta.Tests.csproj" />
    <Project Path="tests/Forge.Sync.Tests/Forge.Sync.Tests.csproj" />
    <Project Path="tests/Forge.Generators.Tests/Forge.Generators.Tests.csproj" />
    <Project Path="tests/Forge.Dogfood.Tests/Forge.Dogfood.Tests.csproj" />
    <Project Path="tests/Forge.Api.Tests/Forge.Api.Tests.csproj" />
    <Project Path="tests/Forge.ServiceProvisioning.Sample.Tests/Forge.ServiceProvisioning.Sample.Tests.csproj" />
    <Project Path="tests/Forge.Parse.Tests/Forge.Parse.Tests.csproj" />
    <Project Path="tests/Forge.Parse.Reqnroll.Tests/Forge.Parse.Reqnroll.Tests.csproj" />
    <Project Path="tests/Forge.Decide.Tests/Forge.Decide.Tests.csproj" />
    <Project Path="tests/Forge.Decide.Testing.Tests/Forge.Decide.Testing.Tests.csproj" />
    <Project Path="tests/Forge.Decide.DependencyInjection.Tests/Forge.Decide.DependencyInjection.Tests.csproj" />
    <Project Path="tests/Forge.Decide.OpenTelemetry.Tests/Forge.Decide.OpenTelemetry.Tests.csproj" />
  </Folder>
  <Folder Name="/samples/">
    <Project Path="samples/Forge.Delta.Sample/Forge.Delta.Sample.csproj" />
    <Project Path="samples/Forge.Sync.Sample/Forge.Sync.Sample.csproj" />
    <Project Path="samples/Forge.Aot.Sample/Forge.Aot.Sample.csproj" />
    <Project Path="samples/Forge.Application.Sample/Forge.Application.Sample.csproj" />
    <Project Path="samples/Forge.ServiceProvisioning.Sample/Forge.ServiceProvisioning.Sample.csproj" />
    <Project Path="samples/Forge.Decide.Sample/Forge.Decide.Sample.csproj" />
  </Folder>
  <Folder Name="/benchmarks/">
    <Project Path="benchmarks/Forge.Benchmarks/Forge.Benchmarks.csproj" />
  </Folder>
</Solution>